// !$*UTF8*$!
{
	archiveVersion = 1;
	classes = {
	};
	objectVersion = 46;
	objects = {

/* Begin PBXBuildFile section */
		430038FB187064F600978149 /* Foundation.framework in Frameworks */ = {isa = PBXBuildFile; fileRef = 430038FA187064F600978149 /* Foundation.framework */; };
		430038FD187064F600978149 /* CoreGraphics.framework in Frameworks */ = {isa = PBXBuildFile; fileRef = 430038FC187064F600978149 /* CoreGraphics.framework */; };
		430038FF187064F600978149 /* UIKit.framework in Frameworks */ = {isa = PBXBuildFile; fileRef = 430038FE187064F600978149 /* UIKit.framework */; };
		43003905187064F600978149 /* InfoPlist.strings in Resources */ = {isa = PBXBuildFile; fileRef = 43003903187064F600978149 /* InfoPlist.strings */; };
		43003907187064F600978149 /* main.m in Sources */ = {isa = PBXBuildFile; fileRef = 43003906187064F600978149 /* main.m */; };
		4300390B187064F600978149 /* GBAppDelegate.m in Sources */ = {isa = PBXBuildFile; fileRef = 4300390A187064F600978149 /* GBAppDelegate.m */; };
		4300390E187064F600978149 /* Main.storyboard in Resources */ = {isa = PBXBuildFile; fileRef = 4300390C187064F600978149 /* Main.storyboard */; };
		43003913187064F600978149 /* Images.xcassets in Resources */ = {isa = PBXBuildFile; fileRef = 43003912187064F600978149 /* Images.xcassets */; };
		4300391A187064F600978149 /* XCTest.framework in Frameworks */ = {isa = PBXBuildFile; fileRef = 43003919187064F600978149 /* XCTest.framework */; };
		4300391B187064F600978149 /* Foundation.framework in Frameworks */ = {isa = PBXBuildFile; fileRef = 430038FA187064F600978149 /* Foundation.framework */; };
		4300391C187064F600978149 /* UIKit.framework in Frameworks */ = {isa = PBXBuildFile; fileRef = 430038FE187064F600978149 /* UIKit.framework */; };
		43003924187064F600978149 /* InfoPlist.strings in Resources */ = {isa = PBXBuildFile; fileRef = 43003922187064F600978149 /* InfoPlist.strings */; };
		43003926187064F600978149 /* GBInfiniteScrollViewDemoTests.m in Sources */ = {isa = PBXBuildFile; fileRef = 43003925187064F600978149 /* GBInfiniteScrollViewDemoTests.m */; };
		430039311870672E00978149 /* GBPageRecord.m in Sources */ = {isa = PBXBuildFile; fileRef = 430039301870672E00978149 /* GBPageRecord.m */; };
		430039331870679800978149 /* libGBInfiniteScrollView.a in Frameworks */ = {isa = PBXBuildFile; fileRef = 430039321870679800978149 /* libGBInfiniteScrollView.a */; };
		430039371870786E00978149 /* Placeholder-568h@2x~iphone.png in Resources */ = {isa = PBXBuildFile; fileRef = 430039351870786E00978149 /* Placeholder-568h@2x~iphone.png */; };
		430039381870786E00978149 /* Placeholder@2x~iphone.png in Resources */ = {isa = PBXBuildFile; fileRef = 430039361870786E00978149 /* Placeholder@2x~iphone.png */; };
		4320A1DC191290D900731982 /* GBRoundBorderedButton.m in Sources */ = {isa = PBXBuildFile; fileRef = 4320A1DB191290D900731982 /* GBRoundBorderedButton.m */; };
		4392A0C5191242490022C3F3 /* GBDetailViewController.m in Sources */ = {isa = PBXBuildFile; fileRef = 4392A0C2191242490022C3F3 /* GBDetailViewController.m */; };
		4392A0C6191242490022C3F3 /* GBViewController.m in Sources */ = {isa = PBXBuildFile; fileRef = 4392A0C4191242490022C3F3 /* GBViewController.m */; };
		4392A0C9191242CF0022C3F3 /* UIColor+Utils.m in Sources */ = {isa = PBXBuildFile; fileRef = 4392A0C8191242CF0022C3F3 /* UIColor+Utils.m */; };
		43F67AB5195ED37F009B21F3 /* libGoogleAnalyticsServices.a in Frameworks */ = {isa = PBXBuildFile; fileRef = 43F67AB4195ED37F009B21F3 /* libGoogleAnalyticsServices.a */; };
		43F67AB7195ED43A009B21F3 /* CoreData.framework in Frameworks */ = {isa = PBXBuildFile; fileRef = 43F67AB6195ED43A009B21F3 /* CoreData.framework */; };
		43F67AB9195ED456009B21F3 /* SystemConfiguration.framework in Frameworks */ = {isa = PBXBuildFile; fileRef = 43F67AB8195ED456009B21F3 /* SystemConfiguration.framework */; };
		43F67ABB195ED45F009B21F3 /* libz.dylib in Frameworks */ = {isa = PBXBuildFile; fileRef = 43F67ABA195ED45F009B21F3 /* libz.dylib */; };
/* End PBXBuildFile section */

/* Begin PBXContainerItemProxy section */
		4300391D187064F600978149 /* PBXContainerItemProxy */ = {
			isa = PBXContainerItemProxy;
			containerPortal = 430038EF187064F600978149 /* Project object */;
			proxyType = 1;
			remoteGlobalIDString = 430038F6187064F600978149;
			remoteInfo = GBInfiniteScrollViewDemo;
		};
/* End PBXContainerItemProxy section */

/* Begin PBXFileReference section */
		430038F7187064F600978149 /* Infinite.app */ = {isa = PBXFileReference; explicitFileType = wrapper.application; includeInIndex = 0; path = Infinite.app; sourceTree = BUILT_PRODUCTS_DIR; };
		430038FA187064F600978149 /* Foundation.framework */ = {isa = PBXFileReference; lastKnownFileType = wrapper.framework; name = Foundation.framework; path = System/Library/Frameworks/Foundation.framework; sourceTree = SDKROOT; };
		430038FC187064F600978149 /* CoreGraphics.framework */ = {isa = PBXFileReference; lastKnownFileType = wrapper.framework; name = CoreGraphics.framework; path = System/Library/Frameworks/CoreGraphics.framework; sourceTree = SDKROOT; };
		430038FE187064F600978149 /* UIKit.framework */ = {isa = PBXFileReference; lastKnownFileType = wrapper.framework; name = UIKit.framework; path = System/Library/Frameworks/UIKit.framework; sourceTree = SDKROOT; };
		43003902187064F600978149 /* GBInfiniteScrollViewDemo-Info.plist */ = {isa = PBXFileReference; lastKnownFileType = text.plist.xml; path = "GBInfiniteScrollViewDemo-Info.plist"; sourceTree = "<group>"; };
		43003904187064F600978149 /* en */ = {isa = PBXFileReference; lastKnownFileType = text.plist.strings; name = en; path = en.lproj/InfoPlist.strings; sourceTree = "<group>"; };
		43003906187064F600978149 /* main.m */ = {isa = PBXFileReference; lastKnownFileType = sourcecode.c.objc; path = main.m; sourceTree = "<group>"; };
		43003908187064F600978149 /* GBInfiniteScrollViewDemo-Prefix.pch */ = {isa = PBXFileReference; lastKnownFileType = sourcecode.c.h; path = "GBInfiniteScrollViewDemo-Prefix.pch"; sourceTree = "<group>"; };
		43003909187064F600978149 /* GBAppDelegate.h */ = {isa = PBXFileReference; lastKnownFileType = sourcecode.c.h; path = GBAppDelegate.h; sourceTree = "<group>"; };
		4300390A187064F600978149 /* GBAppDelegate.m */ = {isa = PBXFileReference; lastKnownFileType = sourcecode.c.objc; path = GBAppDelegate.m; sourceTree = "<group>"; };
		4300390D187064F600978149 /* Base */ = {isa = PBXFileReference; lastKnownFileType = file.storyboard; name = Base; path = Base.lproj/Main.storyboard; sourceTree = "<group>"; };
		43003912187064F600978149 /* Images.xcassets */ = {isa = PBXFileReference; lastKnownFileType = folder.assetcatalog; path = Images.xcassets; sourceTree = "<group>"; };
		43003918187064F600978149 /* GBInfiniteScrollViewDemoTests.xctest */ = {isa = PBXFileReference; explicitFileType = wrapper.cfbundle; includeInIndex = 0; path = GBInfiniteScrollViewDemoTests.xctest; sourceTree = BUILT_PRODUCTS_DIR; };
		43003919187064F600978149 /* XCTest.framework */ = {isa = PBXFileReference; lastKnownFileType = wrapper.framework; name = XCTest.framework; path = Library/Frameworks/XCTest.framework; sourceTree = DEVELOPER_DIR; };
		43003921187064F600978149 /* GBInfiniteScrollViewDemoTests-Info.plist */ = {isa = PBXFileReference; lastKnownFileType = text.plist.xml; path = "GBInfiniteScrollViewDemoTests-Info.plist"; sourceTree = "<group>"; };
		43003923187064F600978149 /* en */ = {isa = PBXFileReference; lastKnownFileType = text.plist.strings; name = en; path = en.lproj/InfoPlist.strings; sourceTree = "<group>"; };
		43003925187064F600978149 /* GBInfiniteScrollViewDemoTests.m */ = {isa = PBXFileReference; lastKnownFileType = sourcecode.c.objc; path = GBInfiniteScrollViewDemoTests.m; sourceTree = "<group>"; };
		4300392F1870672E00978149 /* GBPageRecord.h */ = {isa = PBXFileReference; fileEncoding = 4; lastKnownFileType = sourcecode.c.h; path = GBPageRecord.h; sourceTree = "<group>"; };
		430039301870672E00978149 /* GBPageRecord.m */ = {isa = PBXFileReference; fileEncoding = 4; lastKnownFileType = sourcecode.c.objc; path = GBPageRecord.m; sourceTree = "<group>"; };
		430039321870679800978149 /* libGBInfiniteScrollView.a */ = {isa = PBXFileReference; lastKnownFileType = archive.ar; name = libGBInfiniteScrollView.a; path = "../../../Library/Developer/Xcode/DerivedData/GBInfiniteScrollView-edronfnxpnachpfcgaxqokzpftby/Build/Products/Debug-iphoneos/libGBInfiniteScrollView.a"; sourceTree = "<group>"; };
		430039351870786E00978149 /* Placeholder-568h@2x~iphone.png */ = {isa = PBXFileReference; lastKnownFileType = image.png; path = "Placeholder-568h@2x~iphone.png"; sourceTree = "<group>"; };
		430039361870786E00978149 /* Placeholder@2x~iphone.png */ = {isa = PBXFileReference; lastKnownFileType = image.png; path = "Placeholder@2x~iphone.png"; sourceTree = "<group>"; };
		4320A1DA191290D900731982 /* GBRoundBorderedButton.h */ = {isa = PBXFileReference; fileEncoding = 4; lastKnownFileType = sourcecode.c.h; path = GBRoundBorderedButton.h; sourceTree = "<group>"; };
		4320A1DB191290D900731982 /* GBRoundBorderedButton.m */ = {isa = PBXFileReference; fileEncoding = 4; lastKnownFileType = sourcecode.c.objc; path = GBRoundBorderedButton.m; sourceTree = "<group>"; };
		4392A0C1191242490022C3F3 /* GBDetailViewController.h */ = {isa = PBXFileReference; fileEncoding = 4; lastKnownFileType = sourcecode.c.h; path = GBDetailViewController.h; sourceTree = "<group>"; };
		4392A0C2191242490022C3F3 /* GBDetailViewController.m */ = {isa = PBXFileReference; fileEncoding = 4; lastKnownFileType = sourcecode.c.objc; path = GBDetailViewController.m; sourceTree = "<group>"; };
		4392A0C3191242490022C3F3 /* GBViewController.h */ = {isa = PBXFileReference; fileEncoding = 4; lastKnownFileType = sourcecode.c.h; path = GBViewController.h; sourceTree = "<group>"; };
		4392A0C4191242490022C3F3 /* GBViewController.m */ = {isa = PBXFileReference; fileEncoding = 4; lastKnownFileType = sourcecode.c.objc; path = GBViewController.m; sourceTree = "<group>"; };
		4392A0C7191242CF0022C3F3 /* UIColor+Utils.h */ = {isa = PBXFileReference; fileEncoding = 4; lastKnownFileType = sourcecode.c.h; path = "UIColor+Utils.h"; sourceTree = "<group>"; };
		4392A0C8191242CF0022C3F3 /* UIColor+Utils.m */ = {isa = PBXFileReference; fileEncoding = 4; lastKnownFileType = sourcecode.c.objc; path = "UIColor+Utils.m"; sourceTree = "<group>"; };
		43F67AAA195ED37F009B21F3 /* GAI.h */ = {isa = PBXFileReference; fileEncoding = 4; lastKnownFileType = sourcecode.c.h; path = GAI.h; sourceTree = "<group>"; };
		43F67AAB195ED37F009B21F3 /* GAIDictionaryBuilder.h */ = {isa = PBXFileReference; fileEncoding = 4; lastKnownFileType = sourcecode.c.h; path = GAIDictionaryBuilder.h; sourceTree = "<group>"; };
		43F67AAC195ED37F009B21F3 /* GAIEcommerceFields.h */ = {isa = PBXFileReference; fileEncoding = 4; lastKnownFileType = sourcecode.c.h; path = GAIEcommerceFields.h; sourceTree = "<group>"; };
		43F67AAD195ED37F009B21F3 /* GAIEcommerceProduct.h */ = {isa = PBXFileReference; fileEncoding = 4; lastKnownFileType = sourcecode.c.h; path = GAIEcommerceProduct.h; sourceTree = "<group>"; };
		43F67AAE195ED37F009B21F3 /* GAIEcommerceProductAction.h */ = {isa = PBXFileReference; fileEncoding = 4; lastKnownFileType = sourcecode.c.h; path = GAIEcommerceProductAction.h; sourceTree = "<group>"; };
		43F67AAF195ED37F009B21F3 /* GAIEcommercePromotion.h */ = {isa = PBXFileReference; fileEncoding = 4; lastKnownFileType = sourcecode.c.h; path = GAIEcommercePromotion.h; sourceTree = "<group>"; };
		43F67AB0195ED37F009B21F3 /* GAIFields.h */ = {isa = PBXFileReference; fileEncoding = 4; lastKnownFileType = sourcecode.c.h; path = GAIFields.h; sourceTree = "<group>"; };
		43F67AB1195ED37F009B21F3 /* GAILogger.h */ = {isa = PBXFileReference; fileEncoding = 4; lastKnownFileType = sourcecode.c.h; path = GAILogger.h; sourceTree = "<group>"; };
		43F67AB2195ED37F009B21F3 /* GAITrackedViewController.h */ = {isa = PBXFileReference; fileEncoding = 4; lastKnownFileType = sourcecode.c.h; path = GAITrackedViewController.h; sourceTree = "<group>"; };
		43F67AB3195ED37F009B21F3 /* GAITracker.h */ = {isa = PBXFileReference; fileEncoding = 4; lastKnownFileType = sourcecode.c.h; path = GAITracker.h; sourceTree = "<group>"; };
		43F67AB4195ED37F009B21F3 /* libGoogleAnalyticsServices.a */ = {isa = PBXFileReference; lastKnownFileType = archive.ar; path = libGoogleAnalyticsServices.a; sourceTree = "<group>"; };
		43F67AB6195ED43A009B21F3 /* CoreData.framework */ = {isa = PBXFileReference; lastKnownFileType = wrapper.framework; name = CoreData.framework; path = System/Library/Frameworks/CoreData.framework; sourceTree = SDKROOT; };
		43F67AB8195ED456009B21F3 /* SystemConfiguration.framework */ = {isa = PBXFileReference; lastKnownFileType = wrapper.framework; name = SystemConfiguration.framework; path = System/Library/Frameworks/SystemConfiguration.framework; sourceTree = SDKROOT; };
		43F67ABA195ED45F009B21F3 /* libz.dylib */ = {isa = PBXFileReference; lastKnownFileType = "compiled.mach-o.dylib"; name = libz.dylib; path = usr/lib/libz.dylib; sourceTree = SDKROOT; };
/* End PBXFileReference section */

/* Begin PBXFrameworksBuildPhase section */
		430038F4187064F600978149 /* Frameworks */ = {
			isa = PBXFrameworksBuildPhase;
			buildActionMask = 2147483647;
			files = (
				43F67ABB195ED45F009B21F3 /* libz.dylib in Frameworks */,
				43F67AB9195ED456009B21F3 /* SystemConfiguration.framework in Frameworks */,
				43F67AB7195ED43A009B21F3 /* CoreData.framework in Frameworks */,
				430039331870679800978149 /* libGBInfiniteScrollView.a in Frameworks */,
				430038FD187064F600978149 /* CoreGraphics.framework in Frameworks */,
				430038FF187064F600978149 /* UIKit.framework in Frameworks */,
				43F67AB5195ED37F009B21F3 /* libGoogleAnalyticsServices.a in Frameworks */,
				430038FB187064F600978149 /* Foundation.framework in Frameworks */,
			);
			runOnlyForDeploymentPostprocessing = 0;
		};
		43003915187064F600978149 /* Frameworks */ = {
			isa = PBXFrameworksBuildPhase;
			buildActionMask = 2147483647;
			files = (
				4300391A187064F600978149 /* XCTest.framework in Frameworks */,
				4300391C187064F600978149 /* UIKit.framework in Frameworks */,
				4300391B187064F600978149 /* Foundation.framework in Frameworks */,
			);
			runOnlyForDeploymentPostprocessing = 0;
		};
/* End PBXFrameworksBuildPhase section */

/* Begin PBXGroup section */
		430038EE187064F600978149 = {
			isa = PBXGroup;
			children = (
				43003900187064F600978149 /* GBInfiniteScrollViewDemo */,
				4300391F187064F600978149 /* GBInfiniteScrollViewDemoTests */,
				430038F9187064F600978149 /* Frameworks */,
				430038F8187064F600978149 /* Products */,
			);
			sourceTree = "<group>";
		};
		430038F8187064F600978149 /* Products */ = {
			isa = PBXGroup;
			children = (
				430038F7187064F600978149 /* Infinite.app */,
				43003918187064F600978149 /* GBInfiniteScrollViewDemoTests.xctest */,
			);
			name = Products;
			sourceTree = "<group>";
		};
		430038F9187064F600978149 /* Frameworks */ = {
			isa = PBXGroup;
			children = (
				43F67ABA195ED45F009B21F3 /* libz.dylib */,
				43F67AB8195ED456009B21F3 /* SystemConfiguration.framework */,
				43F67AB6195ED43A009B21F3 /* CoreData.framework */,
				430039321870679800978149 /* libGBInfiniteScrollView.a */,
				430038FA187064F600978149 /* Foundation.framework */,
				430038FC187064F600978149 /* CoreGraphics.framework */,
				430038FE187064F600978149 /* UIKit.framework */,
				43003919187064F600978149 /* XCTest.framework */,
			);
			name = Frameworks;
			sourceTree = "<group>";
		};
		43003900187064F600978149 /* GBInfiniteScrollViewDemo */ = {
			isa = PBXGroup;
			children = (
				43003934187077F400978149 /* Assets */,
				4392A0CB191242FA0022C3F3 /* Controllers */,
				43003909187064F600978149 /* GBAppDelegate.h */,
				4300390A187064F600978149 /* GBAppDelegate.m */,
				43F67AA9195ED346009B21F3 /* Google Analytics Library */,
				43003912187064F600978149 /* Images.xcassets */,
				4300390C187064F600978149 /* Main.storyboard */,
				4392A0CC1912434B0022C3F3 /* Model */,
				43003901187064F600978149 /* Supporting Files */,
				4392A0CA191242EB0022C3F3 /* Utils */,
			);
			path = GBInfiniteScrollViewDemo;
			sourceTree = "<group>";
		};
		43003901187064F600978149 /* Supporting Files */ = {
			isa = PBXGroup;
			children = (
				43003902187064F600978149 /* GBInfiniteScrollViewDemo-Info.plist */,
				43003903187064F600978149 /* InfoPlist.strings */,
				43003906187064F600978149 /* main.m */,
				43003908187064F600978149 /* GBInfiniteScrollViewDemo-Prefix.pch */,
			);
			name = "Supporting Files";
			sourceTree = "<group>";
		};
		4300391F187064F600978149 /* GBInfiniteScrollViewDemoTests */ = {
			isa = PBXGroup;
			children = (
				43003925187064F600978149 /* GBInfiniteScrollViewDemoTests.m */,
				43003920187064F600978149 /* Supporting Files */,
			);
			path = GBInfiniteScrollViewDemoTests;
			sourceTree = "<group>";
		};
		43003920187064F600978149 /* Supporting Files */ = {
			isa = PBXGroup;
			children = (
				43003921187064F600978149 /* GBInfiniteScrollViewDemoTests-Info.plist */,
				43003922187064F600978149 /* InfoPlist.strings */,
			);
			name = "Supporting Files";
			sourceTree = "<group>";
		};
		43003934187077F400978149 /* Assets */ = {
			isa = PBXGroup;
			children = (
				430039351870786E00978149 /* Placeholder-568h@2x~iphone.png */,
				430039361870786E00978149 /* Placeholder@2x~iphone.png */,
			);
			path = Assets;
			sourceTree = "<group>";
		};
		4392A0CA191242EB0022C3F3 /* Utils */ = {
			isa = PBXGroup;
			children = (
				4320A1DA191290D900731982 /* GBRoundBorderedButton.h */,
				4320A1DB191290D900731982 /* GBRoundBorderedButton.m */,
				4392A0C7191242CF0022C3F3 /* UIColor+Utils.h */,
				4392A0C8191242CF0022C3F3 /* UIColor+Utils.m */,
			);
			name = Utils;
			sourceTree = "<group>";
		};
		4392A0CB191242FA0022C3F3 /* Controllers */ = {
			isa = PBXGroup;
			children = (
				4392A0C1191242490022C3F3 /* GBDetailViewController.h */,
				4392A0C2191242490022C3F3 /* GBDetailViewController.m */,
				4392A0C3191242490022C3F3 /* GBViewController.h */,
				4392A0C4191242490022C3F3 /* GBViewController.m */,
			);
			name = Controllers;
			sourceTree = "<group>";
		};
		4392A0CC1912434B0022C3F3 /* Model */ = {
			isa = PBXGroup;
			children = (
				4300392F1870672E00978149 /* GBPageRecord.h */,
				430039301870672E00978149 /* GBPageRecord.m */,
			);
			name = Model;
			sourceTree = "<group>";
		};
		43F67AA9195ED346009B21F3 /* Google Analytics Library */ = {
			isa = PBXGroup;
			children = (
				43F67AAA195ED37F009B21F3 /* GAI.h */,
				43F67AAB195ED37F009B21F3 /* GAIDictionaryBuilder.h */,
				43F67AAC195ED37F009B21F3 /* GAIEcommerceFields.h */,
				43F67AAD195ED37F009B21F3 /* GAIEcommerceProduct.h */,
				43F67AAE195ED37F009B21F3 /* GAIEcommerceProductAction.h */,
				43F67AAF195ED37F009B21F3 /* GAIEcommercePromotion.h */,
				43F67AB0195ED37F009B21F3 /* GAIFields.h */,
				43F67AB1195ED37F009B21F3 /* GAILogger.h */,
				43F67AB2195ED37F009B21F3 /* GAITrackedViewController.h */,
				43F67AB3195ED37F009B21F3 /* GAITracker.h */,
				43F67AB4195ED37F009B21F3 /* libGoogleAnalyticsServices.a */,
			);
			name = "Google Analytics Library";
			sourceTree = "<group>";
		};
/* End PBXGroup section */

/* Begin PBXNativeTarget section */
		430038F6187064F600978149 /* GBInfiniteScrollViewDemo */ = {
			isa = PBXNativeTarget;
			buildConfigurationList = 43003929187064F600978149 /* Build configuration list for PBXNativeTarget "GBInfiniteScrollViewDemo" */;
			buildPhases = (
				430038F3187064F600978149 /* Sources */,
				430038F4187064F600978149 /* Frameworks */,
				430038F5187064F600978149 /* Resources */,
			);
			buildRules = (
			);
			dependencies = (
			);
			name = GBInfiniteScrollViewDemo;
			productName = GBInfiniteScrollViewDemo;
			productReference = 430038F7187064F600978149 /* Infinite.app */;
			productType = "com.apple.product-type.application";
		};
		43003917187064F600978149 /* GBInfiniteScrollViewDemoTests */ = {
			isa = PBXNativeTarget;
			buildConfigurationList = 4300392C187064F600978149 /* Build configuration list for PBXNativeTarget "GBInfiniteScrollViewDemoTests" */;
			buildPhases = (
				43003914187064F600978149 /* Sources */,
				43003915187064F600978149 /* Frameworks */,
				43003916187064F600978149 /* Resources */,
			);
			buildRules = (
			);
			dependencies = (
				4300391E187064F600978149 /* PBXTargetDependency */,
			);
			name = GBInfiniteScrollViewDemoTests;
			productName = GBInfiniteScrollViewDemoTests;
			productReference = 43003918187064F600978149 /* GBInfiniteScrollViewDemoTests.xctest */;
			productType = "com.apple.product-type.bundle.unit-test";
		};
/* End PBXNativeTarget section */

/* Begin PBXProject section */
		430038EF187064F600978149 /* Project object */ = {
			isa = PBXProject;
			attributes = {
				CLASSPREFIX = GB;
				LastUpgradeCheck = 0510;
				ORGANIZATIONNAME = "Gerardo Blanco García";
				TargetAttributes = {
					430038F6187064F600978149 = {
						DevelopmentTeam = CQ235PGEX8;
					};
					43003917187064F600978149 = {
						TestTargetID = 430038F6187064F600978149;
					};
				};
			};
			buildConfigurationList = 430038F2187064F600978149 /* Build configuration list for PBXProject "GBInfiniteScrollViewDemo" */;
			compatibilityVersion = "Xcode 3.2";
			developmentRegion = English;
			hasScannedForEncodings = 0;
			knownRegions = (
				en,
				Base,
			);
			mainGroup = 430038EE187064F600978149;
			productRefGroup = 430038F8187064F600978149 /* Products */;
			projectDirPath = "";
			projectRoot = "";
			targets = (
				430038F6187064F600978149 /* GBInfiniteScrollViewDemo */,
				43003917187064F600978149 /* GBInfiniteScrollViewDemoTests */,
			);
		};
/* End PBXProject section */

/* Begin PBXResourcesBuildPhase section */
		430038F5187064F600978149 /* Resources */ = {
			isa = PBXResourcesBuildPhase;
			buildActionMask = 2147483647;
			files = (
				430039381870786E00978149 /* Placeholder@2x~iphone.png in Resources */,
				43003913187064F600978149 /* Images.xcassets in Resources */,
				43003905187064F600978149 /* InfoPlist.strings in Resources */,
				4300390E187064F600978149 /* Main.storyboard in Resources */,
				430039371870786E00978149 /* Placeholder-568h@2x~iphone.png in Resources */,
			);
			runOnlyForDeploymentPostprocessing = 0;
		};
		43003916187064F600978149 /* Resources */ = {
			isa = PBXResourcesBuildPhase;
			buildActionMask = 2147483647;
			files = (
				43003924187064F600978149 /* InfoPlist.strings in Resources */,
			);
			runOnlyForDeploymentPostprocessing = 0;
		};
/* End PBXResourcesBuildPhase section */

/* Begin PBXSourcesBuildPhase section */
		430038F3187064F600978149 /* Sources */ = {
			isa = PBXSourcesBuildPhase;
			buildActionMask = 2147483647;
			files = (
				43003907187064F600978149 /* main.m in Sources */,
				4392A0C9191242CF0022C3F3 /* UIColor+Utils.m in Sources */,
				430039311870672E00978149 /* GBPageRecord.m in Sources */,
				4320A1DC191290D900731982 /* GBRoundBorderedButton.m in Sources */,
				4392A0C6191242490022C3F3 /* GBViewController.m in Sources */,
				4392A0C5191242490022C3F3 /* GBDetailViewController.m in Sources */,
				4300390B187064F600978149 /* GBAppDelegate.m in Sources */,
			);
			runOnlyForDeploymentPostprocessing = 0;
		};
		43003914187064F600978149 /* Sources */ = {
			isa = PBXSourcesBuildPhase;
			buildActionMask = 2147483647;
			files = (
				43003926187064F600978149 /* GBInfiniteScrollViewDemoTests.m in Sources */,
			);
			runOnlyForDeploymentPostprocessing = 0;
		};
/* End PBXSourcesBuildPhase section */

/* Begin PBXTargetDependency section */
		4300391E187064F600978149 /* PBXTargetDependency */ = {
			isa = PBXTargetDependency;
			target = 430038F6187064F600978149 /* GBInfiniteScrollViewDemo */;
			targetProxy = 4300391D187064F600978149 /* PBXContainerItemProxy */;
		};
/* End PBXTargetDependency section */

/* Begin PBXVariantGroup section */
		43003903187064F600978149 /* InfoPlist.strings */ = {
			isa = PBXVariantGroup;
			children = (
				43003904187064F600978149 /* en */,
			);
			name = InfoPlist.strings;
			sourceTree = "<group>";
		};
		4300390C187064F600978149 /* Main.storyboard */ = {
			isa = PBXVariantGroup;
			children = (
				4300390D187064F600978149 /* Base */,
			);
			name = Main.storyboard;
			sourceTree = "<group>";
		};
		43003922187064F600978149 /* InfoPlist.strings */ = {
			isa = PBXVariantGroup;
			children = (
				43003923187064F600978149 /* en */,
			);
			name = InfoPlist.strings;
			sourceTree = "<group>";
		};
/* End PBXVariantGroup section */

/* Begin XCBuildConfiguration section */
		43003927187064F600978149 /* Debug */ = {
			isa = XCBuildConfiguration;
			buildSettings = {
				ALWAYS_SEARCH_USER_PATHS = NO;
				CLANG_CXX_LANGUAGE_STANDARD = "gnu++0x";
				CLANG_CXX_LIBRARY = "libc++";
				CLANG_ENABLE_MODULES = YES;
				CLANG_ENABLE_OBJC_ARC = YES;
				CLANG_WARN_BOOL_CONVERSION = YES;
				CLANG_WARN_CONSTANT_CONVERSION = YES;
				CLANG_WARN_DIRECT_OBJC_ISA_USAGE = YES_ERROR;
				CLANG_WARN_EMPTY_BODY = YES;
				CLANG_WARN_ENUM_CONVERSION = YES;
				CLANG_WARN_INT_CONVERSION = YES;
				CLANG_WARN_OBJC_ROOT_CLASS = YES_ERROR;
				CLANG_WARN__DUPLICATE_METHOD_MATCH = YES;
				"CODE_SIGN_IDENTITY[sdk=iphoneos*]" = "iPhone Developer";
				COPY_PHASE_STRIP = NO;
				GCC_C_LANGUAGE_STANDARD = gnu99;
				GCC_DYNAMIC_NO_PIC = NO;
				GCC_OPTIMIZATION_LEVEL = 0;
				GCC_PREPROCESSOR_DEFINITIONS = (
					"DEBUG=1",
					"$(inherited)",
				);
				GCC_SYMBOLS_PRIVATE_EXTERN = NO;
				GCC_WARN_64_TO_32_BIT_CONVERSION = YES;
				GCC_WARN_ABOUT_RETURN_TYPE = YES_ERROR;
				GCC_WARN_UNDECLARED_SELECTOR = YES;
				GCC_WARN_UNINITIALIZED_AUTOS = YES;
				GCC_WARN_UNUSED_FUNCTION = YES;
				GCC_WARN_UNUSED_VARIABLE = YES;
				IPHONEOS_DEPLOYMENT_TARGET = 6.1;
				ONLY_ACTIVE_ARCH = YES;
				SDKROOT = iphoneos;
			};
			name = Debug;
		};
		43003928187064F600978149 /* Release */ = {
			isa = XCBuildConfiguration;
			buildSettings = {
				ALWAYS_SEARCH_USER_PATHS = NO;
				CLANG_CXX_LANGUAGE_STANDARD = "gnu++0x";
				CLANG_CXX_LIBRARY = "libc++";
				CLANG_ENABLE_MODULES = YES;
				CLANG_ENABLE_OBJC_ARC = YES;
				CLANG_WARN_BOOL_CONVERSION = YES;
				CLANG_WARN_CONSTANT_CONVERSION = YES;
				CLANG_WARN_DIRECT_OBJC_ISA_USAGE = YES_ERROR;
				CLANG_WARN_EMPTY_BODY = YES;
				CLANG_WARN_ENUM_CONVERSION = YES;
				CLANG_WARN_INT_CONVERSION = YES;
				CLANG_WARN_OBJC_ROOT_CLASS = YES_ERROR;
				CLANG_WARN__DUPLICATE_METHOD_MATCH = YES;
				"CODE_SIGN_IDENTITY[sdk=iphoneos*]" = "iPhone Developer";
				COPY_PHASE_STRIP = YES;
				ENABLE_NS_ASSERTIONS = NO;
				GCC_C_LANGUAGE_STANDARD = gnu99;
				GCC_WARN_64_TO_32_BIT_CONVERSION = YES;
				GCC_WARN_ABOUT_RETURN_TYPE = YES_ERROR;
				GCC_WARN_UNDECLARED_SELECTOR = YES;
				GCC_WARN_UNINITIALIZED_AUTOS = YES;
				GCC_WARN_UNUSED_FUNCTION = YES;
				GCC_WARN_UNUSED_VARIABLE = YES;
				IPHONEOS_DEPLOYMENT_TARGET = 6.1;
				SDKROOT = iphoneos;
				VALIDATE_PRODUCT = YES;
			};
			name = Release;
		};
		4300392A187064F600978149 /* Debug */ = {
			isa = XCBuildConfiguration;
			buildSettings = {
				ASSETCATALOG_COMPILER_APPICON_NAME = AppIcon;
				ASSETCATALOG_COMPILER_LAUNCHIMAGE_NAME = LaunchImage;
				CODE_SIGN_IDENTITY = "iPhone Developer";
				GCC_PRECOMPILE_PREFIX_HEADER = YES;
				GCC_PREFIX_HEADER = "GBInfiniteScrollViewDemo/GBInfiniteScrollViewDemo-Prefix.pch";
				INFOPLIST_FILE = "GBInfiniteScrollViewDemo/GBInfiniteScrollViewDemo-Info.plist";
				IPHONEOS_DEPLOYMENT_TARGET = 6.1;
				LIBRARY_SEARCH_PATHS = (
					"$(inherited)",
					"$(USER_LIBRARY_DIR)/Developer/Xcode/DerivedData/GBInfiniteScrollView-edronfnxpnachpfcgaxqokzpftby/Build/Products/Debug-iphoneos",
					"$(PROJECT_DIR)/GBInfiniteScrollViewDemo",
				);
				PRODUCT_NAME = Infinite;
				WRAPPER_EXTENSION = app;
			};
			name = Debug;
		};
		4300392B187064F600978149 /* Release */ = {
			isa = XCBuildConfiguration;
			buildSettings = {
				ASSETCATALOG_COMPILER_APPICON_NAME = AppIcon;
				ASSETCATALOG_COMPILER_LAUNCHIMAGE_NAME = LaunchImage;
				CODE_SIGN_IDENTITY = "iPhone Developer";
				GCC_PRECOMPILE_PREFIX_HEADER = YES;
				GCC_PREFIX_HEADER = "GBInfiniteScrollViewDemo/GBInfiniteScrollViewDemo-Prefix.pch";
				INFOPLIST_FILE = "GBInfiniteScrollViewDemo/GBInfiniteScrollViewDemo-Info.plist";
				IPHONEOS_DEPLOYMENT_TARGET = 6.1;
				LIBRARY_SEARCH_PATHS = (
					"$(inherited)",
					"$(USER_LIBRARY_DIR)/Developer/Xcode/DerivedData/GBInfiniteScrollView-edronfnxpnachpfcgaxqokzpftby/Build/Products/Debug-iphoneos",
					"$(PROJECT_DIR)/GBInfiniteScrollViewDemo",
				);
				PRODUCT_NAME = Infinite;
				WRAPPER_EXTENSION = app;
			};
			name = Release;
		};
		4300392D187064F600978149 /* Debug */ = {
			isa = XCBuildConfiguration;
			buildSettings = {
				BUNDLE_LOADER = "$(TEST_HOST)";
				FRAMEWORK_SEARCH_PATHS = (
					"$(SDKROOT)/Developer/Library/Frameworks",
					"$(inherited)",
					"$(DEVELOPER_FRAMEWORKS_DIR)",
				);
				GCC_PRECOMPILE_PREFIX_HEADER = YES;
				GCC_PREFIX_HEADER = "GBInfiniteScrollViewDemo/GBInfiniteScrollViewDemo-Prefix.pch";
				GCC_PREPROCESSOR_DEFINITIONS = (
					"DEBUG=1",
					"$(inherited)",
				);
				INFOPLIST_FILE = "GBInfiniteScrollViewDemoTests/GBInfiniteScrollViewDemoTests-Info.plist";
				PRODUCT_NAME = "$(TARGET_NAME)";
				TEST_HOST = "$(BUILT_PRODUCTS_DIR)/Infinite.app/Infinite";
				WRAPPER_EXTENSION = xctest;
			};
			name = Debug;
		};
		4300392E187064F600978149 /* Release */ = {
			isa = XCBuildConfiguration;
			buildSettings = {
				BUNDLE_LOADER = "$(TEST_HOST)";
				FRAMEWORK_SEARCH_PATHS = (
					"$(SDKROOT)/Developer/Library/Frameworks",
					"$(inherited)",
					"$(DEVELOPER_FRAMEWORKS_DIR)",
				);
				GCC_PRECOMPILE_PREFIX_HEADER = YES;
				GCC_PREFIX_HEADER = "GBInfiniteScrollViewDemo/GBInfiniteScrollViewDemo-Prefix.pch";
				INFOPLIST_FILE = "GBInfiniteScrollViewDemoTests/GBInfiniteScrollViewDemoTests-Info.plist";
				PRODUCT_NAME = "$(TARGET_NAME)";
				TEST_HOST = "$(BUILT_PRODUCTS_DIR)/Infinite.app/Infinite";
				WRAPPER_EXTENSION = xctest;
			};
			name = Release;
		};
/* End XCBuildConfiguration section */

/* Begin XCConfigurationList section */
		430038F2187064F600978149 /* Build configuration list for PBXProject "GBInfiniteScrollViewDemo" */ = {
			isa = XCConfigurationList;
			buildConfigurations = (
				43003927187064F600978149 /* Debug */,
				43003928187064F600978149 /* Release */,
			);
			defaultConfigurationIsVisible = 0;
			defaultConfigurationName = Release;
		};
		43003929187064F600978149 /* Build configuration list for PBXNativeTarget "GBInfiniteScrollViewDemo" */ = {
			isa = XCConfigurationList;
			buildConfigurations = (
				4300392A187064F600978149 /* Debug */,
				4300392B187064F600978149 /* Release */,
			);
			defaultConfigurationIsVisible = 0;
			defaultConfigurationName = Release;
		};
		4300392C187064F600978149 /* Build configuration list for PBXNativeTarget "GBInfiniteScrollViewDemoTests" */ = {
			isa = XCConfigurationList;
			buildConfigurations = (
				4300392D187064F600978149 /* Debug */,
				4300392E187064F600978149 /* Release */,
			);
			defaultConfigurationIsVisible = 0;
			defaultConfigurationName = Release;
		};
/* End XCConfigurationList section */
	};
	rootObject = 430038EF187064F600978149 /* Project object */;
}
